
Microsoft Visual Studio Solution File, Format Version 12.00
# Visual Studio Version 17
VisualStudioVersion = 17.0.31903.59
MinimumVisualStudioVersion = 10.0.40219.1
Project("{FAE04EC0-301F-11D3-BF4B-00C04F79EFBC}") = "EFCoreGeneric", "src\EFCoreGeneric\EFCoreGeneric.csproj", "{020068EB-FCF3-4984-9CCB-3CE63D2F4C31}"
EndProject
Project("{2150E333-8FDC-42A3-9474-1A3956D46DE8}") = "Elementi di soluzione", "Elementi di soluzione", "{519B36D0-6822-40DC-8494-5F92E5E03A6C}"
	ProjectSection(SolutionItems) = preProject
		.editorconfig = .editorconfig
		README.md = README.md
	EndProjectSection
EndProject
Global
	GlobalSection(SolutionConfigurationPlatforms) = preSolution
		Debug|Any CPU = Debug|Any CPU
		Release|Any CPU = Release|Any CPU
	EndGlobalSection
	GlobalSection(ProjectConfigurationPlatforms) = postSolution
		{020068EB-FCF3-4984-9CCB-3CE63D2F4C31}.Debug|Any CPU.ActiveCfg = Debug|Any CPU
		{020068EB-FCF3-4984-9CCB-3CE63D2F4C31}.Debug|Any CPU.Build.0 = Debug|Any CPU
		{020068EB-FCF3-4984-9CCB-3CE63D2F4C31}.Release|Any CPU.ActiveCfg = Release|Any CPU
		{020068EB-FCF3-4984-9CCB-3CE63D2F4C31}.Release|Any CPU.Build.0 = Release|Any CPU
	EndGlobalSection
	GlobalSection(SolutionProperties) = preSolution
		HideSolutionNode = FALSE
	EndGlobalSection
EndGlobal
